
Microsoft Visual Studio Solution File, Format Version 12.00
# Visual Studio 15
VisualStudioVersion = 15.0.26403.7
MinimumVisualStudioVersion = 10.0.40219.1
Project("{2150E333-8FDC-42A3-9474-1A3956D46DE8}") = "documentation", "documentation", "{3FD15219-6CAE-4865-A054-8E9E2A5EDF4E}"
	ProjectSection(SolutionItems) = preProject
		CONTRIBUTING.md = CONTRIBUTING.md
		FAQ.md = FAQ.md
		LICENSE = LICENSE
		README.md = README.md
		THANKS.md = THANKS.md
	EndProjectSection
EndProject
Project("{FAE04EC0-301F-11D3-BF4B-00C04F79EFBC}") = "Sitecore.Pathfinder.Console", "src\Sitecore.Pathfinder.Console\Sitecore.Pathfinder.Console.csproj", "{C73D309B-6D61-42BD-A5B1-661710F1CDC7}"
	ProjectSection(ProjectDependencies) = postProject
		{42808013-7A25-4C07-91FA-BE4F7AA8E0B1} = {42808013-7A25-4C07-91FA-BE4F7AA8E0B1}
	EndProjectSection
EndProject
Project("{FAE04EC0-301F-11D3-BF4B-00C04F79EFBC}") = "Sitecore.Pathfinder.Core", "src\Sitecore.Pathfinder.Core\Sitecore.Pathfinder.Core.csproj", "{C674EEBF-BBF6-4EDA-AF5B-A4D58D0BE986}"
EndProject
Project("{2150E333-8FDC-42A3-9474-1A3956D46DE8}") = "tests", "tests", "{049B9C99-6613-43BB-BF14-A60D7C9F7F57}"
EndProject
Project("{2150E333-8FDC-42A3-9474-1A3956D46DE8}") = "Docs", "Docs", "{2913B82E-EAB7-452F-AB67-97DD577A7439}"
	ProjectSection(SolutionItems) = preProject
		docs\BasicConcepts.md = docs\BasicConcepts.md
		docs\BuildingAProject.md = docs\BuildingAProject.md
		docs\Checkers.md = docs\Checkers.md
		docs\CheckingAProject.md = docs\CheckingAProject.md
		docs\CodeGeneration.md = docs\CodeGeneration.md
		docs\DeveloperEnvironment.md = docs\DeveloperEnvironment.md
		docs\Extensibility.md = docs\Extensibility.md
		docs\ExternalTools.md = docs\ExternalTools.md
		docs\GettingStarted.md = docs\GettingStarted.md
		docs\Home.md = docs\Home.md
		docs\LayoutsAsFiles.md = docs\LayoutsAsFiles.md
		docs\ProjectConfiguration.md = docs\ProjectConfiguration.md
		docs\README.md = docs\README.md
		docs\SitecoreItemsAsFiles.md = docs\SitecoreItemsAsFiles.md
		docs\Tasks.md = docs\Tasks.md
		docs\TasksAndScripts.md = docs\TasksAndScripts.md
	EndProjectSection
EndProject
Project("{2150E333-8FDC-42A3-9474-1A3956D46DE8}") = "Walkthroughs", "Walkthroughs", "{626A72A8-4461-4E2E-BB10-2A36D9D1BB5D}"
EndProject
Project("{2150E333-8FDC-42A3-9474-1A3956D46DE8}") = "SettingUp", "SettingUp", "{ED92B747-FD90-4DE5-BB52-96DC808B58C0}"
	ProjectSection(SolutionItems) = preProject
		docs\walkthroughs\SettingUp\README.md = docs\walkthroughs\SettingUp\README.md
	EndProjectSection
EndProject
Project("{2150E333-8FDC-42A3-9474-1A3956D46DE8}") = "Hello world", "Hello world", "{B86678EC-8111-4D28-9B60-1DF723E2CB6E}"
	ProjectSection(SolutionItems) = preProject
		docs\walkthroughs\HelloWorld\README.md = docs\walkthroughs\HelloWorld\README.md
	EndProjectSection
EndProject
Project("{FAE04EC0-301F-11D3-BF4B-00C04F79EFBC}") = "Sitecore.Pathfinder.Server", "src\Sitecore.Pathfinder.Server\Sitecore.Pathfinder.Server.csproj", "{42808013-7A25-4C07-91FA-BE4F7AA8E0B1}"
EndProject
Project("{FAE04EC0-301F-11D3-BF4B-00C04F79EFBC}") = "Sitecore.Pathfinder.UnitTests", "test\Sitecore.Pathfinder.UnitTests\Sitecore.Pathfinder.UnitTests.csproj", "{D1AD9A66-2EF0-4D84-873F-10E6C8BBA929}"
EndProject
Global
	GlobalSection(SolutionConfigurationPlatforms) = preSolution
		Debug|Any CPU = Debug|Any CPU
		Release|Any CPU = Release|Any CPU
	EndGlobalSection
	GlobalSection(ProjectConfigurationPlatforms) = postSolution
		{C73D309B-6D61-42BD-A5B1-661710F1CDC7}.Debug|Any CPU.ActiveCfg = Debug|Any CPU
		{C73D309B-6D61-42BD-A5B1-661710F1CDC7}.Debug|Any CPU.Build.0 = Debug|Any CPU
		{C73D309B-6D61-42BD-A5B1-661710F1CDC7}.Release|Any CPU.ActiveCfg = Release|Any CPU
		{C73D309B-6D61-42BD-A5B1-661710F1CDC7}.Release|Any CPU.Build.0 = Release|Any CPU
		{C674EEBF-BBF6-4EDA-AF5B-A4D58D0BE986}.Debug|Any CPU.ActiveCfg = Debug|Any CPU
		{C674EEBF-BBF6-4EDA-AF5B-A4D58D0BE986}.Debug|Any CPU.Build.0 = Debug|Any CPU
		{C674EEBF-BBF6-4EDA-AF5B-A4D58D0BE986}.Release|Any CPU.ActiveCfg = Release|Any CPU
		{C674EEBF-BBF6-4EDA-AF5B-A4D58D0BE986}.Release|Any CPU.Build.0 = Release|Any CPU
		{42808013-7A25-4C07-91FA-BE4F7AA8E0B1}.Debug|Any CPU.ActiveCfg = Debug|Any CPU
		{42808013-7A25-4C07-91FA-BE4F7AA8E0B1}.Debug|Any CPU.Build.0 = Debug|Any CPU
		{42808013-7A25-4C07-91FA-BE4F7AA8E0B1}.Release|Any CPU.ActiveCfg = Release|Any CPU
		{42808013-7A25-4C07-91FA-BE4F7AA8E0B1}.Release|Any CPU.Build.0 = Release|Any CPU
		{D1AD9A66-2EF0-4D84-873F-10E6C8BBA929}.Debug|Any CPU.ActiveCfg = Debug|Any CPU
		{D1AD9A66-2EF0-4D84-873F-10E6C8BBA929}.Debug|Any CPU.Build.0 = Debug|Any CPU
		{D1AD9A66-2EF0-4D84-873F-10E6C8BBA929}.Release|Any CPU.ActiveCfg = Release|Any CPU
		{D1AD9A66-2EF0-4D84-873F-10E6C8BBA929}.Release|Any CPU.Build.0 = Release|Any CPU
	EndGlobalSection
	GlobalSection(SolutionProperties) = preSolution
		HideSolutionNode = FALSE
	EndGlobalSection
	GlobalSection(NestedProjects) = preSolution
		{2913B82E-EAB7-452F-AB67-97DD577A7439} = {3FD15219-6CAE-4865-A054-8E9E2A5EDF4E}
		{626A72A8-4461-4E2E-BB10-2A36D9D1BB5D} = {3FD15219-6CAE-4865-A054-8E9E2A5EDF4E}
		{ED92B747-FD90-4DE5-BB52-96DC808B58C0} = {626A72A8-4461-4E2E-BB10-2A36D9D1BB5D}
		{B86678EC-8111-4D28-9B60-1DF723E2CB6E} = {626A72A8-4461-4E2E-BB10-2A36D9D1BB5D}
		{D1AD9A66-2EF0-4D84-873F-10E6C8BBA929} = {049B9C99-6613-43BB-BF14-A60D7C9F7F57}
	EndGlobalSection
EndGlobal
